
Microsoft Visual Studio Solution File, Format Version 12.00
# Visual Studio 2012
Project("{8BC9CEB8-8B4A-11D0-8D11-00A0C91BC942}") = "Feather", "Feather.vcxproj", "{02B735D7-3957-4392-B4A0-2355E1C08644}"
EndProject
Global
	GlobalSection(SolutionConfigurationPlatforms) = preSolution
		Debug|Win32 = Debug|Win32
		Release|Win32 = Release|Win32
	EndGlobalSection
	GlobalSection(ProjectConfigurationPlatforms) = postSolution
		{02B735D7-3957-4392-B4A0-2355E1C08644}.Debug|Win32.ActiveCfg = Debug|Win32
		{02B735D7-3957-4392-B4A0-2355E1C08644}.Debug|Win32.Build.0 = Debug|Win32
		{02B735D7-3957-4392-B4A0-2355E1C08644}.Release|Win32.ActiveCfg = Release|Win32
		{02B735D7-3957-4392-B4A0-2355E1C08644}.Release|Win32.Build.0 = Release|Win32
	EndGlobalSection
	GlobalSection(SolutionProperties) = preSolution
		HideSolutionNode = FALSE
	EndGlobalSection
EndGlobal
